
Microsoft Visual Studio Solution File, Format Version 12.00
# Visual Studio Version 16
VisualStudioVersion = 16.0.31105.61
MinimumVisualStudioVersion = 10.0.40219.1
Project("{FAE04EC0-301F-11D3-BF4B-00C04F79EFBC}") = "TD.OpenData", "TD.OpenData\TD.OpenData.csproj", "{0F33DD0A-C874-4717-B9CF-B1E3AD94C2C2}"
	ProjectSection(ProjectDependencies) = postProject
		{CF761797-63CB-4EC7-B5E7-1327FE5C54E7} = {CF761797-63CB-4EC7-B5E7-1327FE5C54E7}
	EndProjectSection
EndProject
Project("{FAE04EC0-301F-11D3-BF4B-00C04F79EFBC}") = "TD.OpenData.Service", "TD.OpenData.Service\TD.OpenData.Service.csproj", "{CF761797-63CB-4EC7-B5E7-1327FE5C54E7}"
EndProject
Global
	GlobalSection(SolutionConfigurationPlatforms) = preSolution
		Debug|Any CPU = Debug|Any CPU
		Release|Any CPU = Release|Any CPU
	EndGlobalSection
	GlobalSection(ProjectConfigurationPlatforms) = postSolution
		{0F33DD0A-C874-4717-B9CF-B1E3AD94C2C2}.Debug|Any CPU.ActiveCfg = Debug|Any CPU
		{0F33DD0A-C874-4717-B9CF-B1E3AD94C2C2}.Debug|Any CPU.Build.0 = Debug|Any CPU
		{0F33DD0A-C874-4717-B9CF-B1E3AD94C2C2}.Debug|Any CPU.Deploy.0 = Debug|Any CPU
		{0F33DD0A-C874-4717-B9CF-B1E3AD94C2C2}.Release|Any CPU.ActiveCfg = Release|Any CPU
		{0F33DD0A-C874-4717-B9CF-B1E3AD94C2C2}.Release|Any CPU.Build.0 = Release|Any CPU
		{0F33DD0A-C874-4717-B9CF-B1E3AD94C2C2}.Release|Any CPU.Deploy.0 = Release|Any CPU
		{CF761797-63CB-4EC7-B5E7-1327FE5C54E7}.Debug|Any CPU.ActiveCfg = Debug|Any CPU
		{CF761797-63CB-4EC7-B5E7-1327FE5C54E7}.Debug|Any CPU.Build.0 = Debug|Any CPU
		{CF761797-63CB-4EC7-B5E7-1327FE5C54E7}.Debug|Any CPU.Deploy.0 = Debug|Any CPU
		{CF761797-63CB-4EC7-B5E7-1327FE5C54E7}.Release|Any CPU.ActiveCfg = Release|Any CPU
		{CF761797-63CB-4EC7-B5E7-1327FE5C54E7}.Release|Any CPU.Build.0 = Release|Any CPU
		{CF761797-63CB-4EC7-B5E7-1327FE5C54E7}.Release|Any CPU.Deploy.0 = Release|Any CPU
	EndGlobalSection
	GlobalSection(SolutionProperties) = preSolution
		HideSolutionNode = FALSE
	EndGlobalSection
	GlobalSection(ExtensibilityGlobals) = postSolution
		SolutionGuid = {CFEC0A59-F1F4-4C3E-B9E4-4AB2BF07D7F8}
	EndGlobalSection
EndGlobal
